github.com/eduardolat/gomponents-lucide v1.0.0 h1:Hy0oQEEp7q4zQXUPyeJTXHHpkoeJTYlvpM8RAXhK7ec=
github.com/eduardolat/gomponents-lucide v1.0.0/go.mod h1:C0Yx64QM2RXIal8pl/HdWU0xac0uek+IQI2eZAaeAwk=
github.com/jlucasnsilva/gomponents-alpine v0.2.0 h1:FDELTAfqvWVBUxv1DOotdbYQNG0D7Pz0HG/iG7DGVd4=
github.com/jlucasnsilva/gomponents-alpine v0.2.0/go.mod h1:gY7a8IoUAegpuri6FlthWH6YFsvkYWdsbTjL/25vczg=
github.com/maragudk/gomponents v0.20.2 h1:39FhnBNNCJzqNcD9Hmvp/5xj0otweFoyvVgFG6kXoy0=
github.com/maragudk/gomponents v0.20.2/go.mod h1:nHkNnZL6ODgMBeJhrZjkMHVvNdoYsfmpKB2/hjdQ0Hg=
github.com/maragudk/gomponents-htmx v0.5.0 h1:sWtiRa72YmymgxccjTNZW3h0akKsZvnhYke9RQiS9dk=
github.com/maragudk/gomponents-htmx v0.5.0/go.mod h1:XgI7WE6ECWlyeVQ9Ix3R6aoKS4HtCSYtuQ4iH27GVDE=
nhooyr.io/websocket v1.8.11 h1:f/qXNc2/3DpoSZkHt1DQu6rj4zGC8JmkkLkWss0MgN0=
nhooyr.io/websocket v1.8.11/go.mod h1:rN9OFWIUwuxg4fR5tELlYC04bXYowCP9GX47ivo2l+c=
